#MicroXplorer Configuration settings - do not modify
Dma.USART1_TX.2.Direction=DMA_MEMORY_TO_PERIPH
FREERTOS.Queues01=myTxQueue,128,uint8_t,0,Static,myTxQueueBuffer,myTxQueueControlBlock;myRxQueue,64,uint8_t,0,Static,myRxQueueBuffer,myRxQueueControlBlock;myLineObjQueue,1,64,1,Static,myLineObjQueueBuffer,myLineObjQueueControlBlock;myCmdLineObjQueue,1,64,1,Static,myCmdLineObjQueueBuffer,myCmdLineObjQueueControlBlock;myLogLineObjQueue,16,64,1,Static,myLogLineObjQueueBuffer,myLogLineObjQueueControlBlock;mySDwriteBufferLineObjQueue,8,64,1,Static,mySDwriteBufferLineObjQueueBuffer,mySDwriteBufferLineObjQueueControlBlock
PH0-OSC_IN.Signal=RCC_OSC_IN
FATFS._USE_LFN=3
FATFS0.BSP.api=Unknown
FREERTOS.configUSE_DAEMON_TASK_STARTUP_HOOK=1
NVIC.TIM6_DAC_IRQn=true\:5\:0\:false\:false\:true\:true\:true\:true
VP_FATFS_VS_SDIO.Mode=SDIO
Dma.SDIO_RX.3.MemDataAlignment=DMA_MDATAALIGN_WORD
RCC.PLLCLKFreq_Value=168000000
PC12.Signal=SDIO_CK
RCC.PLLQCLKFreq_Value=48000000
VP_RTC_VS_RTC_Activate.Mode=RTC_Enabled
RCC.RTCFreq_Value=32768
Dma.SDIO_TX.4.Mode=DMA_PFCTRL
PD0.Locked=true
USART1.IPParameters=VirtualMode,BaudRate
Dma.SDIO_TX.4.MemBurst=DMA_MBURST_INC4
ADC3.Mode=ADC_TRIPLEMODE_REGSIMULT
Dma.SDIO_RX.3.PeriphDataAlignment=DMA_PDATAALIGN_WORD
PinOutPanel.RotationAngle=0
RCC.SYSCLKSource=RCC_SYSCLKSOURCE_PLLCLK
Dma.SDIO_RX.3.Mode=DMA_PFCTRL
NVIC.SVCall_IRQn=true\:0\:0\:false\:false\:false\:false\:false\:false
FREERTOS.configENABLE_FPU=1
Dma.SDIO_RX.3.MemInc=DMA_MINC_ENABLE
VP_FATFS_VS_SDIO.Signal=FATFS_VS_SDIO
SH.S_TIM14_CH1.0=TIM14_CH1,PWM Generation1 CH1
Dma.DAC1.0.PeriphInc=DMA_PINC_DISABLE
TIM2.IPParameters=AutoReloadPreload
RCC.APB2TimFreq_Value=168000000
SDIO.IPParameters=ClockDiv,HardwareFlowControl
RTC.IPParameters=Month,Date,WeekDay,Hours,Minutes,Year,Format
PD0.Signal=GPIO_Input
VP_TIM2_VS_ClockSourceINT.Signal=TIM2_VS_ClockSourceINT
ADC2.EOCSelection=ADC_EOC_SEQ_CONV
Dma.DAC1.0.Direction=DMA_MEMORY_TO_PERIPH
Dma.ADC2.6.PeriphInc=DMA_PINC_DISABLE
FATFS0.BSP.ip=GPIO
Dma.ADC2.6.Instance=DMA2_Stream2
Dma.ADC2.6.PeriphDataAlignment=DMA_PDATAALIGN_WORD
Dma.SDIO_RX.3.Direction=DMA_PERIPH_TO_MEMORY
ProjectManager.ProjectBuild=false
NVIC.TIM1_TRG_COM_TIM11_IRQn=true\:5\:0\:false\:false\:true\:true\:true\:true
Dma.USART1_RX.1.PeriphDataAlignment=DMA_PDATAALIGN_BYTE
NVIC.UsageFault_IRQn=true\:0\:0\:false\:false\:true\:false\:false\:false
FATFS0.BSP.i2caddr=0
VP_SYS_VS_tim12.Signal=SYS_VS_tim12
Dma.SDIO_RX.3.PeriphInc=DMA_PINC_DISABLE
ProjectManager.FirmwarePackage=STM32Cube FW_F4 V1.26.1
MxDb.Version=DB.6.0.21
ProjectManager.BackupPrevious=false
DAC.DAC_Trigger=DAC_TRIGGER_SOFTWARE
SH.ADCx_IN1.ConfNb=1
FREERTOS.HEAP_NUMBER=4
ADC3.ContinuousConvMode=ENABLE
PC9.Mode=SD_4_bits_Wide_bus
ADC3.IPParameters=Rank-0\#ChannelRegularConversion,Channel-0\#ChannelRegularConversion,SamplingTime-0\#ChannelRegularConversion,NbrOfConversionFlag,InjNumberOfConversion,Mode,ContinuousConvMode,DMAContinuousRequests,EOCSelection
NVIC.PendSV_IRQn=true\:15\:0\:false\:false\:false\:true\:false\:false
Dma.USART1_TX.2.MemDataAlignment=DMA_MDATAALIGN_BYTE
DAC.IPParameters=DAC_Trigger
ProjectManager.HalAssertFull=false
Dma.USART1_RX.1.Mode=DMA_NORMAL
RCC.MCO2PinFreq_Value=168000000
PB9.Signal=I2C1_SDA
Mcu.Package=LQFP100
Dma.DAC1.0.PeriphDataAlignment=DMA_PDATAALIGN_HALFWORD
PA5.Locked=true
NVIC.TimeBase=TIM8_BRK_TIM12_IRQn
SH.COMP_DAC1_group.ConfNb=1
FATFS0.BSP.solution=PD0
ADC3.Rank-0\#ChannelRegularConversion=1
NVIC.TimeBaseIP=TIM12
PA10.Signal=USART1_RX
VP_RTC_VS_RTC_Calendar.Mode=RTC_Calendar
FREERTOS.FootprintOK=true
VP_TIM11_VS_ClockSourceINT.Signal=TIM11_VS_ClockSourceINT
PC11.Mode=SD_4_bits_Wide_bus
PB8.GPIO_PuPdOD=GPIO_NOPULL
Dma.USART1_RX.1.PeriphInc=DMA_PINC_DISABLE
ADC3.DMAContinuousRequests=ENABLE
RCC.APB2CLKDivider=RCC_HCLK_DIV2
NVIC.DMA2_Stream2_IRQn=true\:5\:0\:false\:false\:true\:true\:false\:true
RCC.APB1TimFreq_Value=84000000
FREERTOS.configGENERATE_RUN_TIME_STATS=1
NVIC.BusFault_IRQn=true\:0\:0\:false\:false\:true\:false\:false\:false
Dma.ADC1.5.MemDataAlignment=DMA_MDATAALIGN_WORD
VP_TIM14_VS_ClockSourceINT.Mode=Enable_Timer
TIM14.IPParameters=AutoReloadPreload,Channel
NVIC.USART1_IRQn=true\:5\:0\:false\:false\:true\:true\:true\:true
Dma.ADC2.6.Priority=DMA_PRIORITY_LOW
ADC1.EOCSelection=ADC_EOC_SEQ_CONV
Dma.ADC3.7.PeriphDataAlignment=DMA_PDATAALIGN_WORD
ProjectManager.CustomerFirmwarePackage=
ADC1.Rank-4\#ChannelRegularConversion=1
SH.COMP_DAC2_group.ConfNb=1
FATFS0.BSP.STBoard=false
Dma.USART1_RX.1.Instance=DMA2_Stream5
ProjectManager.ProjectFileName=hotwater_f407.ioc
Dma.USART1_RX.1.MemDataAlignment=DMA_MDATAALIGN_BYTE
FREERTOS.Tasks01=defaultTask,24,128,StartDefaultTask,Default,NULL,Dynamic,NULL,NULL;myRxTask,8,128,StartRxTask,As external,NULL,Dynamic,NULL,NULL;myTxTask,8,128,StartTxTask,As external,NULL,Dynamic,NULL,NULL;myCmdTask,8,512,StartCmdTask,As external,NULL,Dynamic,NULL,NULL;myLogUartTask,8,128,StartLogUartTask,Default,NULL,Static,myLogUartTaskBuffer,myLogUartTaskControlBlock;myMcTask,8,128,StartMcTask,As external,NULL,Static,myMcTaskBuffer,myMcTaskControlBlock
Mcu.PinsNb=32
Dma.USART1_TX.2.MemInc=DMA_MINC_ENABLE
Dma.ADC3.7.Mode=DMA_CIRCULAR
ADC1.IPParameters=Rank-4\#ChannelRegularConversion,master,Channel-4\#ChannelRegularConversion,SamplingTime-4\#ChannelRegularConversion,NbrOfConversionFlag,Mode,ExternalTrigConv,DMAContinuousRequests,ContinuousConvMode,EOCSelection,EnableAnalogWatchDog
Dma.ADC3.7.Direction=DMA_PERIPH_TO_MEMORY
FATFS0.BSP.mode=Input
FREERTOS.configCHECK_FOR_STACK_OVERFLOW=2
Dma.SDIO_RX.3.MemBurst=DMA_MBURST_INC4
Dma.USART1_TX.2.RequestParameters=Instance,Direction,PeriphInc,MemInc,PeriphDataAlignment,MemDataAlignment,Mode,Priority,FIFOMode
NVIC.DMA2_Stream1_IRQn=true\:5\:0\:false\:false\:true\:true\:false\:true
RCC.APB1CLKDivider=RCC_HCLK_DIV4
PC14-OSC32_IN.Signal=RCC_OSC32_IN
PA0-WKUP.Signal=ADCx_IN0
Dma.DAC1.0.MemDataAlignment=DMA_MDATAALIGN_HALFWORD
VP_TIM6_VS_ClockSourceINT.Signal=TIM6_VS_ClockSourceINT
Dma.ADC3.7.MemDataAlignment=DMA_MDATAALIGN_WORD
Dma.SDIO_TX.4.Instance=DMA2_Stream3
ADC2.ContinuousConvMode=ENABLE
RTC.Year=20
ADC2.IPParameters=Rank-0\#ChannelRegularConversion,Channel-0\#ChannelRegularConversion,SamplingTime-0\#ChannelRegularConversion,NbrOfConversionFlag,Mode,EOCSelection,ContinuousConvMode,DMAContinuousRequests
PA9.Signal=USART1_TX
PB9.Locked=true
RTC.Format=RTC_FORMAT_BIN
SDIO.ClockDiv=0
NVIC.DMA2_Stream6_IRQn=true\:5\:0\:false\:false\:true\:true\:false\:true
FATFS.BSP.number=1
PA5.Signal=COMP_DAC2_group
FREERTOS.configUSE_POSIX_ERRNO=1
Dma.USART1_RX.1.FIFOMode=DMA_FIFOMODE_DISABLE
PC12.Mode=SD_4_bits_Wide_bus
ProjectManager.LastFirmware=true
Dma.USART1_TX.2.FIFOMode=DMA_FIFOMODE_DISABLE
TIM14.Channel=TIM_CHANNEL_1
Dma.ADC2.6.MemDataAlignment=DMA_MDATAALIGN_WORD
SH.ADCx_IN0.ConfNb=1
FATFS0.BSP.i2creg=
Mcu.Pin30=VP_TIM11_VS_ClockSourceINT
RCC.EthernetFreq_Value=168000000
Dma.SDIO_RX.3.Priority=DMA_PRIORITY_LOW
Mcu.Pin31=VP_TIM14_VS_ClockSourceINT
RCC.RCC_RTC_Clock_SourceVirtual=RCC_RTCCLKSOURCE_LSE
NVIC.NonMaskableInt_IRQn=true\:0\:0\:false\:false\:true\:false\:false\:false
ADC1.DMAContinuousRequests=ENABLE
PA13.Mode=Serial_Wire
Dma.SDIO_TX.4.RequestParameters=Instance,Direction,PeriphInc,MemInc,PeriphDataAlignment,MemDataAlignment,Mode,Priority,FIFOMode,FIFOThreshold,MemBurst,PeriphBurst
ProjectManager.FreePins=false
Mcu.Pin26=VP_RTC_VS_RTC_Calendar
Mcu.Pin27=VP_SYS_VS_tim12
RCC.RTCHSEDivFreq_Value=4000000
Mcu.Pin24=VP_FREERTOS_VS_CMSIS_V2
ProjectManager.UnderRoot=true
Mcu.Pin25=VP_RTC_VS_RTC_Activate
ADC1.ExternalTrigConv=ADC_EXTERNALTRIGCONV_T3_TRGO
Mcu.Pin28=VP_TIM2_VS_ClockSourceINT
PC8.Mode=SD_4_bits_Wide_bus
Mcu.Pin29=VP_TIM6_VS_ClockSourceINT
PA4.Signal=COMP_DAC1_group
Mcu.Pin22=PB9
Mcu.Pin23=VP_FATFS_VS_SDIO
Mcu.Pin20=PD2
ADC1.master=1
Mcu.Pin21=PB8
ADC2.NbrOfConversionFlag=1
NVIC.ForceEnableDMAVector=true
NVIC.MemoryManagement_IRQn=true\:0\:0\:false\:false\:true\:false\:false\:false
USART1.VirtualMode=VM_ASYNC
ProjectManager.CompilerOptimize=6
Dma.ADC1.5.PeriphDataAlignment=DMA_PDATAALIGN_WORD
ProjectManager.HeapSize=0x8000
Mcu.Pin15=PA14
NVIC.HardFault_IRQn=true\:0\:0\:false\:false\:true\:false\:false\:false
Mcu.Pin16=PC10
ADC3.EOCSelection=ADC_EOC_SEQ_CONV
Mcu.Pin13=PA10
Mcu.Pin14=PA13
Mcu.Pin19=PD0
Dma.SDIO_TX.4.Direction=DMA_MEMORY_TO_PERIPH
ProjectManager.ComputerToolchain=false
Mcu.Pin17=PC11
Mcu.Pin18=PC12
NVIC.PriorityGroup=NVIC_PRIORITYGROUP_4
Mcu.Pin11=PC9
Dma.USART1_TX.2.Instance=DMA2_Stream7
Mcu.Pin12=PA9
SDIO.HardwareFlowControl=SDIO_HARDWARE_FLOW_CONTROL_DISABLE
Mcu.Pin10=PC8
Dma.DAC1.0.RequestParameters=Instance,Direction,PeriphInc,MemInc,PeriphDataAlignment,MemDataAlignment,Mode,Priority,FIFOMode
TIM2.AutoReloadPreload=TIM_AUTORELOAD_PRELOAD_ENABLE
Dma.USART1_RX.1.Direction=DMA_PERIPH_TO_MEMORY
PD2.Signal=SDIO_CMD
Dma.ADC1.5.FIFOMode=DMA_FIFOMODE_DISABLE
RTC.Date=15
Dma.ADC1.5.Instance=DMA2_Stream0
Dma.ADC2.6.MemInc=DMA_MINC_ENABLE
FATFS0.BSP.name=Detect_SDIO
VP_SYS_VS_tim12.Mode=TIM12
Mcu.Family=STM32F4
ProjectManager.MainLocation=Core/Src
RCC.CortexFreq_Value=168000000
FREERTOS.BinarySemaphores01=myFlagNewString,Static,myFlagNewStringControlBlock
ProjectManager.KeepUserCode=true
Mcu.UserName=STM32F407VETx
FATFS0.BSP.semaphore=
TIM14.AutoReloadPreload=TIM_AUTORELOAD_PRELOAD_ENABLE
ADC1.ContinuousConvMode=ENABLE
ADC2.Channel-0\#ChannelRegularConversion=ADC_CHANNEL_1
Dma.SDIO_RX.3.Instance=DMA2_Stream6
USART1.BaudRate=115200
SH.ADCx_IN2.0=ADC3_IN2,IN2
PC10.Signal=SDIO_D2
ProjectManager.functionlistsort=1-MX_GPIO_Init-GPIO-false-HAL-true,2-MX_DMA_Init-DMA-false-HAL-true,3-SystemClock_Config-RCC-false-HAL-false,4-MX_RTC_Init-RTC-false-HAL-true,5-MX_SDIO_SD_Init-SDIO-false-HAL-true,6-MX_TIM6_Init-TIM6-false-HAL-true,7-MX_USART1_UART_Init-USART1-false-HAL-true,8-MX_DAC_Init-DAC-false-HAL-true,9-MX_TIM2_Init-TIM2-false-HAL-true,10-MX_ADC1_Init-ADC1-false-HAL-true,11-MX_FATFS_Init-FATFS-false-HAL-false,12-MX_ADC2_Init-ADC2-false-HAL-true,13-MX_ADC3_Init-ADC3-false-HAL-true,14-MX_TIM14_Init-TIM14-false-HAL-true,15-MX_TIM11_Init-TIM11-false-HAL-true
Dma.SDIO_TX.4.PeriphInc=DMA_PINC_DISABLE
RTC.WeekDay=RTC_WEEKDAY_SUNDAY
VP_RTC_VS_RTC_Calendar.Signal=RTC_VS_RTC_Calendar
Dma.ADC2.6.RequestParameters=Instance,Direction,PeriphInc,MemInc,PeriphDataAlignment,MemDataAlignment,Mode,Priority,FIFOMode
ADC3.Channel-0\#ChannelRegularConversion=ADC_CHANNEL_2
ProjectManager.StackSize=0x400
Dma.SDIO_RX.3.FIFOThreshold=DMA_FIFO_THRESHOLD_FULL
SH.COMP_DAC2_group.0=DAC_OUT2,DAC_OUT2
VP_FREERTOS_VS_CMSIS_V2.Mode=CMSIS_V2
Mcu.IP4=DMA
Mcu.IP5=FATFS
RCC.FCLKCortexFreq_Value=168000000
Mcu.IP2=ADC3
NVIC.ADC_IRQn=true\:5\:0\:false\:false\:true\:true\:true\:true
Mcu.IP3=DAC
Mcu.IP0=ADC1
Mcu.IP1=ADC2
Mcu.UserConstants=
FATFS._MAX_LFN=32
ADC2.DMAContinuousRequests=ENABLE
RCC.RCC_RTC_Clock_Source=RCC_RTCCLKSOURCE_LSE
Mcu.ThirdPartyNb=0
ADC1.Mode=ADC_TRIPLEMODE_REGSIMULT
FREERTOS.configUSE_STATS_FORMATTING_FUNCTIONS=1
RCC.HCLKFreq_Value=168000000
RCC.I2SClocksFreq_Value=192000000
Mcu.IPNb=17
ProjectManager.PreviousToolchain=STM32CubeIDE
RCC.VcooutputI2S=192000000
FREERTOS.configUSE_MALLOC_FAILED_HOOK=1
Mcu.Pin6=PA2
Mcu.Pin7=PA4
NVIC.DMA2_Stream0_IRQn=true\:5\:0\:false\:false\:true\:true\:false\:true
Mcu.Pin8=PA5
Mcu.Pin9=PA7
Dma.USART1_RX.1.MemInc=DMA_MINC_ENABLE
FREERTOS.IPParameters=Tasks01,FootprintOK,Queues01,configUSE_APPLICATION_TASK_TAG,configRECORD_STACK_HIGH_ADDRESS,configUSE_IDLE_HOOK,configUSE_TICK_HOOK,configUSE_MALLOC_FAILED_HOOK,configUSE_DAEMON_TASK_STARTUP_HOOK,configCHECK_FOR_STACK_OVERFLOW,configGENERATE_RUN_TIME_STATS,configUSE_STATS_FORMATTING_FUNCTIONS,configUSE_POSIX_ERRNO,configUSE_TICKLESS_IDLE,configENABLE_FPU,HEAP_NUMBER,CountingSemaphores01,BinarySemaphores01
Dma.ADC3.7.Priority=DMA_PRIORITY_LOW
RCC.AHBFreq_Value=168000000
PH0-OSC_IN.Mode=HSE-External-Oscillator
Mcu.Pin0=PC14-OSC32_IN
TIM11.IPParameters=AutoReloadPreload
Mcu.Pin1=PC15-OSC32_OUT
GPIO.groupedBy=Group By Peripherals
Mcu.Pin2=PH0-OSC_IN
Mcu.Pin3=PH1-OSC_OUT
Mcu.Pin4=PA0-WKUP
Mcu.Pin5=PA1
RCC.HSE_VALUE=8000000
RTC.Minutes=16
NVIC.DebugMonitor_IRQn=true\:0\:0\:false\:false\:true\:false\:false\:false
ADC3.InjNumberOfConversion=0
Mcu.IP10=SDIO
NVIC.SysTick_IRQn=true\:15\:0\:false\:false\:false\:true\:false\:true
Mcu.IP12=TIM2
Mcu.IP11=SYS
ADC1.SamplingTime-4\#ChannelRegularConversion=ADC_SAMPLETIME_3CYCLES
RTC.Month=RTC_MONTH_NOVEMBER
Mcu.IP14=TIM11
Dma.DAC1.0.Priority=DMA_PRIORITY_LOW
Mcu.IP13=TIM6
Mcu.IP16=USART1
Mcu.IP15=TIM14
PC14-OSC32_IN.Mode=LSE-External-Oscillator
RCC.VCOInputFreq_Value=2000000
Dma.DAC1.0.FIFOMode=DMA_FIFOMODE_DISABLE
PA14.Mode=Serial_Wire
Dma.SDIO_TX.4.PeriphDataAlignment=DMA_PDATAALIGN_WORD
File.Version=6
Dma.USART1_TX.2.PeriphDataAlignment=DMA_PDATAALIGN_BYTE
PB8.Locked=true
SH.ADCx_IN0.0=ADC1_IN0,IN0
Dma.SDIO_TX.4.FIFOMode=DMA_FIFOMODE_ENABLE
TIM6.Period=0xFFFF
Dma.RequestsNb=8
ProjectManager.ProjectName=hotwater_f407
FATFS._USE_LABEL=1
Dma.SDIO_RX.3.FIFOMode=DMA_FIFOMODE_ENABLE
PH1-OSC_OUT.Mode=HSE-External-Oscillator
Dma.SDIO_TX.4.FIFOThreshold=DMA_FIFO_THRESHOLD_FULL
NVIC.DMA2_Stream7_IRQn=true\:5\:0\:false\:false\:true\:true\:false\:true
PA7.Locked=true
Dma.DAC1.0.Mode=DMA_NORMAL
ProjectManager.ToolChainLocation=
RCC.LSI_VALUE=32000
Dma.ADC3.7.Instance=DMA2_Stream1
Dma.SDIO_TX.4.PeriphBurst=DMA_PBURST_INC4
ADC2.SamplingTime-0\#ChannelRegularConversion=ADC_SAMPLETIME_3CYCLES
Dma.ADC2.6.Mode=DMA_CIRCULAR
SH.ADCx_IN1.0=ADC2_IN1,IN1
PB9.GPIO_Speed=GPIO_SPEED_FREQ_LOW
Dma.ADC1.5.PeriphInc=DMA_PINC_DISABLE
Dma.Request2=USART1_TX
Dma.Request1=USART1_RX
Dma.Request4=SDIO_TX
FREERTOS.configUSE_TICK_HOOK=1
Dma.Request3=SDIO_RX
Dma.Request6=ADC2
Dma.Request5=ADC1
Dma.Request7=ADC3
Dma.USART1_RX.1.Priority=DMA_PRIORITY_LOW
ADC2.Rank-0\#ChannelRegularConversion=1
Dma.SDIO_RX.3.PeriphBurst=DMA_PBURST_INC4
Dma.SDIO_TX.4.Priority=DMA_PRIORITY_LOW
Dma.Request0=DAC1
Dma.ADC3.7.FIFOMode=DMA_FIFOMODE_DISABLE
PA2.Locked=true
VP_RTC_VS_RTC_Activate.Signal=RTC_VS_RTC_Activate
Dma.SDIO_TX.4.MemInc=DMA_MINC_ENABLE
RCC.PLLSourceVirtual=RCC_PLLSOURCE_HSE
PC15-OSC32_OUT.Mode=LSE-External-Oscillator
SH.COMP_DAC1_group.0=DAC_OUT1,DAC_OUT1
ADC2.Mode=ADC_TRIPLEMODE_REGSIMULT
PB8.GPIOParameters=GPIO_Speed,GPIO_PuPdOD
Dma.DAC1.0.Instance=DMA1_Stream5
ADC1.Channel-4\#ChannelRegularConversion=ADC_CHANNEL_0
PA10.Mode=Asynchronous
VP_TIM14_VS_ClockSourceINT.Signal=TIM14_VS_ClockSourceINT
ProjectManager.NoMain=false
NVIC.SavedSvcallIrqHandlerGenerated=true
PC11.Signal=SDIO_D3
FREERTOS.configUSE_TICKLESS_IDLE=0
PC8.Signal=SDIO_D0
TIM6.Prescaler=256
PC10.Mode=SD_4_bits_Wide_bus
VP_TIM6_VS_ClockSourceINT.Mode=Enable_Timer
Dma.ADC1.5.RequestParameters=Instance,Direction,PeriphInc,MemInc,PeriphDataAlignment,MemDataAlignment,Mode,Priority,FIFOMode
Dma.ADC3.7.RequestParameters=Instance,Direction,PeriphInc,MemInc,PeriphDataAlignment,MemDataAlignment,Mode,Priority,FIFOMode
ProjectManager.DefaultFWLocation=true
Dma.ADC1.5.Direction=DMA_PERIPH_TO_MEMORY
ProjectManager.DeletePrevious=true
FREERTOS.CountingSemaphores01=myCountNewString,16,Static,myCountNewStringControlBlock;myCountNewCmd,16,Static,myCountNewCmdControlBlock
FREERTOS.configUSE_APPLICATION_TASK_TAG=1
NVIC.SDIO_IRQn=true\:5\:0\:false\:false\:true\:true\:true\:true
RCC.FamilyName=M
VP_TIM11_VS_ClockSourceINT.Mode=Enable_Timer
PA0-WKUP.Locked=true
PB9.GPIOParameters=GPIO_Speed,GPIO_PuPdOD
FATFS0.BSP.instance=PD0
FATFS.IPParameters=_USE_LABEL,_USE_LFN,_MAX_LFN,USE_DMA_CODE_SD
PA13.Signal=SYS_JTMS-SWDIO
FREERTOS.configUSE_IDLE_HOOK=1
TIM6.AutoReloadPreload=TIM_AUTORELOAD_PRELOAD_ENABLE
PA9.Mode=Asynchronous
ADC3.SamplingTime-0\#ChannelRegularConversion=ADC_SAMPLETIME_3CYCLES
TIM6.IPParameters=AutoReloadPreload,TIM_MasterOutputTrigger,Period,Prescaler
FREERTOS.configRECORD_STACK_HIGH_ADDRESS=1
ProjectManager.TargetToolchain=STM32CubeIDE
Dma.USART1_RX.1.RequestParameters=Instance,Direction,PeriphInc,MemInc,PeriphDataAlignment,MemDataAlignment,Mode,Priority,FIFOMode
NVIC.DMA1_Stream5_IRQn=true\:5\:0\:false\:false\:true\:true\:false\:true
FATFS0.BSP.condition=
NVIC.TIM8_BRK_TIM12_IRQn=true\:0\:0\:false\:false\:true\:false\:false\:true
ProjectManager.RegisterCallBack=
SH.S_TIM14_CH1.ConfNb=1
NVIC.DMA2_Stream3_IRQn=true\:5\:0\:false\:false\:true\:true\:false\:true
PC15-OSC32_OUT.Signal=RCC_OSC32_OUT
PA1.Signal=ADCx_IN1
Dma.ADC2.6.Direction=DMA_PERIPH_TO_MEMORY
Dma.ADC2.6.FIFOMode=DMA_FIFOMODE_DISABLE
RCC.VCOI2SOutputFreq_Value=384000000
PD2.Mode=SD_4_bits_Wide_bus
Dma.ADC1.5.Priority=DMA_PRIORITY_LOW
board=custom
RCC.VCOOutputFreq_Value=336000000
ADC1.EnableAnalogWatchDog=true
FATFS.USE_DMA_CODE_SD=1
Dma.ADC3.7.PeriphInc=DMA_PINC_DISABLE
NVIC.SavedSystickIrqHandlerGenerated=true
RCC.APB2Freq_Value=84000000
MxCube.Version=6.2.1
VP_TIM2_VS_ClockSourceINT.Mode=Internal
SH.ADCx_IN2.ConfNb=1
Dma.USART1_TX.2.Priority=DMA_PRIORITY_LOW
NVIC.DMA2_Stream5_IRQn=true\:5\:0\:false\:false\:true\:true\:false\:true
TIM6.TIM_MasterOutputTrigger=TIM_TRGO_UPDATE
PH1-OSC_OUT.Signal=RCC_OSC_OUT
Dma.ADC3.7.MemInc=DMA_MINC_ENABLE
RCC.IPParameters=48MHZClocksFreq_Value,AHBFreq_Value,APB1CLKDivider,APB1Freq_Value,APB1TimFreq_Value,APB2CLKDivider,APB2Freq_Value,APB2TimFreq_Value,CortexFreq_Value,EthernetFreq_Value,FCLKCortexFreq_Value,FamilyName,HCLKFreq_Value,HSE_VALUE,HSI_VALUE,I2SClocksFreq_Value,LSI_VALUE,MCO2PinFreq_Value,PLLCLKFreq_Value,PLLM,PLLN,PLLQ,PLLQCLKFreq_Value,PLLSourceVirtual,RCC_RTC_Clock_Source,RCC_RTC_Clock_SourceVirtual,RTCFreq_Value,RTCHSEDivFreq_Value,SYSCLKFreq_VALUE,SYSCLKSource,VCOI2SOutputFreq_Value,VCOInputFreq_Value,VCOOutputFreq_Value,VcooutputI2S
ProjectManager.AskForMigrate=true
Mcu.Name=STM32F407V(E-G)Tx
NVIC.SavedPendsvIrqHandlerGenerated=true
PA2.Signal=ADCx_IN2
Dma.USART1_TX.2.PeriphInc=DMA_PINC_DISABLE
Mcu.IP8=RCC
VP_FREERTOS_VS_CMSIS_V2.Signal=FREERTOS_VS_CMSIS_V2
Mcu.IP9=RTC
Mcu.IP6=FREERTOS
Mcu.IP7=NVIC
ProjectManager.CoupleFile=true
RCC.48MHZClocksFreq_Value=48000000
Dma.SDIO_TX.4.MemDataAlignment=DMA_MDATAALIGN_WORD
RCC.SYSCLKFreq_VALUE=168000000
RTC.Hours=19
PA1.Locked=true
Dma.DAC1.0.MemInc=DMA_MINC_ENABLE
KeepUserPlacement=false
Dma.ADC1.5.MemInc=DMA_MINC_ENABLE
PA14.Signal=SYS_JTCK-SWCLK
PB9.GPIO_PuPdOD=GPIO_NOPULL
Dma.USART1_TX.2.Mode=DMA_NORMAL
RCC.HSI_VALUE=16000000
TIM11.AutoReloadPreload=TIM_AUTORELOAD_PRELOAD_ENABLE
RCC.PLLQ=7
ADC1.NbrOfConversionFlag=1
RCC.PLLM=4
FATFS0.BSP.component=
RCC.PLLN=168
PB8.Signal=I2C1_SCL
PC9.Signal=SDIO_D1
RCC.APB1Freq_Value=42000000
PB8.GPIO_Speed=GPIO_SPEED_FREQ_LOW
ADC3.NbrOfConversionFlag=1
ProjectManager.DeviceId=STM32F407VETx
ProjectManager.LibraryCopy=1
Dma.ADC1.5.Mode=DMA_CIRCULAR
PA7.Signal=S_TIM14_CH1
Dma.SDIO_RX.3.RequestParameters=Instance,Direction,PeriphInc,MemInc,PeriphDataAlignment,MemDataAlignment,Mode,Priority,FIFOMode,FIFOThreshold,MemBurst,PeriphBurst
isbadioc=false
